
Microsoft Visual Studio Solution File, Format Version 12.00
# Visual Studio Version 16
VisualStudioVersion = 16.0.30717.126
MinimumVisualStudioVersion = 10.0.40219.1
Project("{FAE04EC0-301F-11D3-BF4B-00C04F79EFBC}") = "KomodoRepository", "KomodoRepository\KomodoRepository.csproj", "{F9B0EBDC-BA4A-4543-A2F6-AD6762460C7B}"
EndProject
Project("{FAE04EC0-301F-11D3-BF4B-00C04F79EFBC}") = "KomodoConsole", "KomodoConsole\KomodoConsole.csproj", "{E4CE57F4-4E8A-44AD-B5EE-25981F33E7A8}"
EndProject
Global
	GlobalSection(SolutionConfigurationPlatforms) = preSolution
		Debug|Any CPU = Debug|Any CPU
		Release|Any CPU = Release|Any CPU
	EndGlobalSection
	GlobalSection(ProjectConfigurationPlatforms) = postSolution
		{F9B0EBDC-BA4A-4543-A2F6-AD6762460C7B}.Debug|Any CPU.ActiveCfg = Debug|Any CPU
		{F9B0EBDC-BA4A-4543-A2F6-AD6762460C7B}.Debug|Any CPU.Build.0 = Debug|Any CPU
		{F9B0EBDC-BA4A-4543-A2F6-AD6762460C7B}.Release|Any CPU.ActiveCfg = Release|Any CPU
		{F9B0EBDC-BA4A-4543-A2F6-AD6762460C7B}.Release|Any CPU.Build.0 = Release|Any CPU
		{E4CE57F4-4E8A-44AD-B5EE-25981F33E7A8}.Debug|Any CPU.ActiveCfg = Debug|Any CPU
		{E4CE57F4-4E8A-44AD-B5EE-25981F33E7A8}.Debug|Any CPU.Build.0 = Debug|Any CPU
		{E4CE57F4-4E8A-44AD-B5EE-25981F33E7A8}.Release|Any CPU.ActiveCfg = Release|Any CPU
		{E4CE57F4-4E8A-44AD-B5EE-25981F33E7A8}.Release|Any CPU.Build.0 = Release|Any CPU
	EndGlobalSection
	GlobalSection(SolutionProperties) = preSolution
		HideSolutionNode = FALSE
	EndGlobalSection
	GlobalSection(ExtensibilityGlobals) = postSolution
		SolutionGuid = {6B58A2AF-8C63-460F-8212-0A3ADB996E16}
	EndGlobalSection
EndGlobal
